
Microsoft Visual Studio Solution File, Format Version 12.00
# Visual Studio Version 17
VisualStudioVersion = 17.9.34902.65
MinimumVisualStudioVersion = 10.0.40219.1
Project("{FAE04EC0-301F-11D3-BF4B-00C04F79EFBC}") = "goods-server.Core", "goods-server.Core\goods-server.Core.csproj", "{92256520-6712-4C5C-9191-4F857559B608}"
EndProject
Project("{FAE04EC0-301F-11D3-BF4B-00C04F79EFBC}") = "goods-server.Infrastructure", "goods-server.Infrastructure\goods-server.Infrastructure.csproj", "{D8997873-C69B-40D4-8D8E-13E9C14202FD}"
EndProject
Project("{FAE04EC0-301F-11D3-BF4B-00C04F79EFBC}") = "goods-server.Service", "goods-server.Service\goods-server.Service.csproj", "{69C6A58E-DF24-4E2D-AECC-C848839EB6DC}"
EndProject
Project("{FAE04EC0-301F-11D3-BF4B-00C04F79EFBC}") = "goods-server.API", "goods-server.API\goods-server.API.csproj", "{2B5E4507-DD35-46D6-976A-D4C08510D27D}"
EndProject
Project("{FAE04EC0-301F-11D3-BF4B-00C04F79EFBC}") = "goods-server.Contracts", "goods-server.Contracts\goods-server.Contracts.csproj", "{9AAA63A5-845D-4D43-839D-DC6D77AA809D}"
EndProject
Global
	GlobalSection(SolutionConfigurationPlatforms) = preSolution
		Debug|Any CPU = Debug|Any CPU
		Release|Any CPU = Release|Any CPU
	EndGlobalSection
	GlobalSection(ProjectConfigurationPlatforms) = postSolution
		{92256520-6712-4C5C-9191-4F857559B608}.Debug|Any CPU.ActiveCfg = Debug|Any CPU
		{92256520-6712-4C5C-9191-4F857559B608}.Debug|Any CPU.Build.0 = Debug|Any CPU
		{92256520-6712-4C5C-9191-4F857559B608}.Release|Any CPU.ActiveCfg = Release|Any CPU
		{92256520-6712-4C5C-9191-4F857559B608}.Release|Any CPU.Build.0 = Release|Any CPU
		{D8997873-C69B-40D4-8D8E-13E9C14202FD}.Debug|Any CPU.ActiveCfg = Debug|Any CPU
		{D8997873-C69B-40D4-8D8E-13E9C14202FD}.Debug|Any CPU.Build.0 = Debug|Any CPU
		{D8997873-C69B-40D4-8D8E-13E9C14202FD}.Release|Any CPU.ActiveCfg = Release|Any CPU
		{D8997873-C69B-40D4-8D8E-13E9C14202FD}.Release|Any CPU.Build.0 = Release|Any CPU
		{69C6A58E-DF24-4E2D-AECC-C848839EB6DC}.Debug|Any CPU.ActiveCfg = Debug|Any CPU
		{69C6A58E-DF24-4E2D-AECC-C848839EB6DC}.Debug|Any CPU.Build.0 = Debug|Any CPU
		{69C6A58E-DF24-4E2D-AECC-C848839EB6DC}.Release|Any CPU.ActiveCfg = Release|Any CPU
		{69C6A58E-DF24-4E2D-AECC-C848839EB6DC}.Release|Any CPU.Build.0 = Release|Any CPU
		{2B5E4507-DD35-46D6-976A-D4C08510D27D}.Debug|Any CPU.ActiveCfg = Debug|Any CPU
		{2B5E4507-DD35-46D6-976A-D4C08510D27D}.Debug|Any CPU.Build.0 = Debug|Any CPU
		{2B5E4507-DD35-46D6-976A-D4C08510D27D}.Release|Any CPU.ActiveCfg = Release|Any CPU
		{2B5E4507-DD35-46D6-976A-D4C08510D27D}.Release|Any CPU.Build.0 = Release|Any CPU
		{9AAA63A5-845D-4D43-839D-DC6D77AA809D}.Debug|Any CPU.ActiveCfg = Debug|Any CPU
		{9AAA63A5-845D-4D43-839D-DC6D77AA809D}.Debug|Any CPU.Build.0 = Debug|Any CPU
		{9AAA63A5-845D-4D43-839D-DC6D77AA809D}.Release|Any CPU.ActiveCfg = Release|Any CPU
		{9AAA63A5-845D-4D43-839D-DC6D77AA809D}.Release|Any CPU.Build.0 = Release|Any CPU
	EndGlobalSection
	GlobalSection(SolutionProperties) = preSolution
		HideSolutionNode = FALSE
	EndGlobalSection
	GlobalSection(ExtensibilityGlobals) = postSolution
		SolutionGuid = {843B9494-98FF-4703-9E27-13BF4CCBB96A}
	EndGlobalSection
EndGlobal
